
Microsoft Visual Studio Solution File, Format Version 12.00
# Visual Studio 15
VisualStudioVersion = 15.0.26124.0
MinimumVisualStudioVersion = 15.0.26124.0
Project("{FAE04EC0-301F-11D3-BF4B-00C04F79EFBC}") = "ByteTransfer", "src\ByteTransfer.csproj", "{A2B0BD07-4D41-4E2D-A26D-AA6906D92B38}"
EndProject
Project("{FAE04EC0-301F-11D3-BF4B-00C04F79EFBC}") = "ByteTransfer.UnitTests", "test\ByteTransfer.UnitTests.csproj", "{B57206C8-306C-43CD-AE5A-142F1B087FB9}"
EndProject
Project("{2150E333-8FDC-42A3-9474-1A3956D46DE8}") = "sample", "sample", "{5E9ABF03-4A33-4603-958C-29EC561A7E25}"
EndProject
Project("{FAE04EC0-301F-11D3-BF4B-00C04F79EFBC}") = "Client", "sample\Client\Client.csproj", "{50178E7C-C8C6-4E5D-A7E8-9C3F0502AD64}"
EndProject
Project("{FAE04EC0-301F-11D3-BF4B-00C04F79EFBC}") = "Server", "sample\Server\Server.csproj", "{3C4294FE-8CB8-49E9-ACD4-B883C0C4F87C}"
EndProject
Global
	GlobalSection(SolutionConfigurationPlatforms) = preSolution
		Debug|Any CPU = Debug|Any CPU
		Debug|x64 = Debug|x64
		Debug|x86 = Debug|x86
		Release|Any CPU = Release|Any CPU
		Release|x64 = Release|x64
		Release|x86 = Release|x86
	EndGlobalSection
	GlobalSection(SolutionProperties) = preSolution
		HideSolutionNode = FALSE
	EndGlobalSection
	GlobalSection(ProjectConfigurationPlatforms) = postSolution
		{A2B0BD07-4D41-4E2D-A26D-AA6906D92B38}.Debug|Any CPU.ActiveCfg = Debug|Any CPU
		{A2B0BD07-4D41-4E2D-A26D-AA6906D92B38}.Debug|Any CPU.Build.0 = Debug|Any CPU
		{A2B0BD07-4D41-4E2D-A26D-AA6906D92B38}.Debug|x64.ActiveCfg = Debug|Any CPU
		{A2B0BD07-4D41-4E2D-A26D-AA6906D92B38}.Debug|x64.Build.0 = Debug|Any CPU
		{A2B0BD07-4D41-4E2D-A26D-AA6906D92B38}.Debug|x86.ActiveCfg = Debug|Any CPU
		{A2B0BD07-4D41-4E2D-A26D-AA6906D92B38}.Debug|x86.Build.0 = Debug|Any CPU
		{A2B0BD07-4D41-4E2D-A26D-AA6906D92B38}.Release|Any CPU.ActiveCfg = Release|Any CPU
		{A2B0BD07-4D41-4E2D-A26D-AA6906D92B38}.Release|Any CPU.Build.0 = Release|Any CPU
		{A2B0BD07-4D41-4E2D-A26D-AA6906D92B38}.Release|x64.ActiveCfg = Release|Any CPU
		{A2B0BD07-4D41-4E2D-A26D-AA6906D92B38}.Release|x64.Build.0 = Release|Any CPU
		{A2B0BD07-4D41-4E2D-A26D-AA6906D92B38}.Release|x86.ActiveCfg = Release|Any CPU
		{A2B0BD07-4D41-4E2D-A26D-AA6906D92B38}.Release|x86.Build.0 = Release|Any CPU
		{B57206C8-306C-43CD-AE5A-142F1B087FB9}.Debug|Any CPU.ActiveCfg = Debug|Any CPU
		{B57206C8-306C-43CD-AE5A-142F1B087FB9}.Debug|Any CPU.Build.0 = Debug|Any CPU
		{B57206C8-306C-43CD-AE5A-142F1B087FB9}.Debug|x64.ActiveCfg = Debug|Any CPU
		{B57206C8-306C-43CD-AE5A-142F1B087FB9}.Debug|x64.Build.0 = Debug|Any CPU
		{B57206C8-306C-43CD-AE5A-142F1B087FB9}.Debug|x86.ActiveCfg = Debug|Any CPU
		{B57206C8-306C-43CD-AE5A-142F1B087FB9}.Debug|x86.Build.0 = Debug|Any CPU
		{B57206C8-306C-43CD-AE5A-142F1B087FB9}.Release|Any CPU.ActiveCfg = Release|Any CPU
		{B57206C8-306C-43CD-AE5A-142F1B087FB9}.Release|Any CPU.Build.0 = Release|Any CPU
		{B57206C8-306C-43CD-AE5A-142F1B087FB9}.Release|x64.ActiveCfg = Release|Any CPU
		{B57206C8-306C-43CD-AE5A-142F1B087FB9}.Release|x64.Build.0 = Release|Any CPU
		{B57206C8-306C-43CD-AE5A-142F1B087FB9}.Release|x86.ActiveCfg = Release|Any CPU
		{B57206C8-306C-43CD-AE5A-142F1B087FB9}.Release|x86.Build.0 = Release|Any CPU
		{50178E7C-C8C6-4E5D-A7E8-9C3F0502AD64}.Debug|Any CPU.ActiveCfg = Debug|Any CPU
		{50178E7C-C8C6-4E5D-A7E8-9C3F0502AD64}.Debug|Any CPU.Build.0 = Debug|Any CPU
		{50178E7C-C8C6-4E5D-A7E8-9C3F0502AD64}.Debug|x64.ActiveCfg = Debug|Any CPU
		{50178E7C-C8C6-4E5D-A7E8-9C3F0502AD64}.Debug|x64.Build.0 = Debug|Any CPU
		{50178E7C-C8C6-4E5D-A7E8-9C3F0502AD64}.Debug|x86.ActiveCfg = Debug|Any CPU
		{50178E7C-C8C6-4E5D-A7E8-9C3F0502AD64}.Debug|x86.Build.0 = Debug|Any CPU
		{50178E7C-C8C6-4E5D-A7E8-9C3F0502AD64}.Release|Any CPU.ActiveCfg = Release|Any CPU
		{50178E7C-C8C6-4E5D-A7E8-9C3F0502AD64}.Release|Any CPU.Build.0 = Release|Any CPU
		{50178E7C-C8C6-4E5D-A7E8-9C3F0502AD64}.Release|x64.ActiveCfg = Release|Any CPU
		{50178E7C-C8C6-4E5D-A7E8-9C3F0502AD64}.Release|x64.Build.0 = Release|Any CPU
		{50178E7C-C8C6-4E5D-A7E8-9C3F0502AD64}.Release|x86.ActiveCfg = Release|Any CPU
		{50178E7C-C8C6-4E5D-A7E8-9C3F0502AD64}.Release|x86.Build.0 = Release|Any CPU
		{3C4294FE-8CB8-49E9-ACD4-B883C0C4F87C}.Debug|Any CPU.ActiveCfg = Debug|Any CPU
		{3C4294FE-8CB8-49E9-ACD4-B883C0C4F87C}.Debug|Any CPU.Build.0 = Debug|Any CPU
		{3C4294FE-8CB8-49E9-ACD4-B883C0C4F87C}.Debug|x64.ActiveCfg = Debug|Any CPU
		{3C4294FE-8CB8-49E9-ACD4-B883C0C4F87C}.Debug|x64.Build.0 = Debug|Any CPU
		{3C4294FE-8CB8-49E9-ACD4-B883C0C4F87C}.Debug|x86.ActiveCfg = Debug|Any CPU
		{3C4294FE-8CB8-49E9-ACD4-B883C0C4F87C}.Debug|x86.Build.0 = Debug|Any CPU
		{3C4294FE-8CB8-49E9-ACD4-B883C0C4F87C}.Release|Any CPU.ActiveCfg = Release|Any CPU
		{3C4294FE-8CB8-49E9-ACD4-B883C0C4F87C}.Release|Any CPU.Build.0 = Release|Any CPU
		{3C4294FE-8CB8-49E9-ACD4-B883C0C4F87C}.Release|x64.ActiveCfg = Release|Any CPU
		{3C4294FE-8CB8-49E9-ACD4-B883C0C4F87C}.Release|x64.Build.0 = Release|Any CPU
		{3C4294FE-8CB8-49E9-ACD4-B883C0C4F87C}.Release|x86.ActiveCfg = Release|Any CPU
		{3C4294FE-8CB8-49E9-ACD4-B883C0C4F87C}.Release|x86.Build.0 = Release|Any CPU
	EndGlobalSection
	GlobalSection(NestedProjects) = preSolution
		{50178E7C-C8C6-4E5D-A7E8-9C3F0502AD64} = {5E9ABF03-4A33-4603-958C-29EC561A7E25}
		{3C4294FE-8CB8-49E9-ACD4-B883C0C4F87C} = {5E9ABF03-4A33-4603-958C-29EC561A7E25}
	EndGlobalSection
EndGlobal
